
Microsoft Visual Studio Solution File, Format Version 12.00
# Visual Studio Version 17
VisualStudioVersion = 17.8.34330.188
MinimumVisualStudioVersion = 10.0.40219.1
Project("{FAE04EC0-301F-11D3-BF4B-00C04F79EFBC}") = "Course_work._Window_program", "Course_work._Window_program\Course_work._Window_program.csproj", "{CD954FB8-00D4-45A0-87F1-A0FBC1D1A043}"
EndProject
Global
	GlobalSection(SolutionConfigurationPlatforms) = preSolution
		Debug|Any CPU = Debug|Any CPU
		Release|Any CPU = Release|Any CPU
	EndGlobalSection
	GlobalSection(ProjectConfigurationPlatforms) = postSolution
		{CD954FB8-00D4-45A0-87F1-A0FBC1D1A043}.Debug|Any CPU.ActiveCfg = Debug|Any CPU
		{CD954FB8-00D4-45A0-87F1-A0FBC1D1A043}.Debug|Any CPU.Build.0 = Debug|Any CPU
		{CD954FB8-00D4-45A0-87F1-A0FBC1D1A043}.Release|Any CPU.ActiveCfg = Release|Any CPU
		{CD954FB8-00D4-45A0-87F1-A0FBC1D1A043}.Release|Any CPU.Build.0 = Release|Any CPU
	EndGlobalSection
	GlobalSection(SolutionProperties) = preSolution
		HideSolutionNode = FALSE
	EndGlobalSection
	GlobalSection(ExtensibilityGlobals) = postSolution
		SolutionGuid = {1BBF5A7B-6D58-4A12-B043-A56D2E4E2486}
	EndGlobalSection
EndGlobal
